
Microsoft Visual Studio Solution File, Format Version 12.00
Project("{FAE04EC0-301F-11D3-BF4B-00C04F79EFBC}") = "EventManagementAPI", "EventManagementAPI\EventManagementAPI.csproj", "{9712F7FB-FD56-48EC-AFF5-4A371DF626DE}"
EndProject
Global
	GlobalSection(SolutionConfigurationPlatforms) = preSolution
		Debug|Any CPU = Debug|Any CPU
		Release|Any CPU = Release|Any CPU
	EndGlobalSection
	GlobalSection(ProjectConfigurationPlatforms) = postSolution
		{9712F7FB-FD56-48EC-AFF5-4A371DF626DE}.Debug|Any CPU.ActiveCfg = Debug|Any CPU
		{9712F7FB-FD56-48EC-AFF5-4A371DF626DE}.Debug|Any CPU.Build.0 = Debug|Any CPU
		{9712F7FB-FD56-48EC-AFF5-4A371DF626DE}.Release|Any CPU.ActiveCfg = Release|Any CPU
		{9712F7FB-FD56-48EC-AFF5-4A371DF626DE}.Release|Any CPU.Build.0 = Release|Any CPU
	EndGlobalSection
EndGlobal
